
Microsoft Visual Studio Solution File, Format Version 12.00
# Visual Studio Version 17
VisualStudioVersion = 17.8.34330.188
MinimumVisualStudioVersion = 10.0.40219.1
Project("{8BC9CEB8-8B4A-11D0-8D11-00A0C91BC942}") = "MT3_1-0", "MT3_1-0.vcxproj", "{67ECB5E1-7EFB-4B20-9854-81665F35F8B8}"
EndProject
Global
	GlobalSection(SolutionConfigurationPlatforms) = preSolution
		Debug|x64 = Debug|x64
		Release|x64 = Release|x64
	EndGlobalSection
	GlobalSection(ProjectConfigurationPlatforms) = postSolution
		{67ECB5E1-7EFB-4B20-9854-81665F35F8B8}.Debug|x64.ActiveCfg = Debug|x64
		{67ECB5E1-7EFB-4B20-9854-81665F35F8B8}.Debug|x64.Build.0 = Debug|x64
		{67ECB5E1-7EFB-4B20-9854-81665F35F8B8}.Release|x64.ActiveCfg = Release|x64
		{67ECB5E1-7EFB-4B20-9854-81665F35F8B8}.Release|x64.Build.0 = Release|x64
	EndGlobalSection
	GlobalSection(SolutionProperties) = preSolution
		HideSolutionNode = FALSE
	EndGlobalSection
	GlobalSection(ExtensibilityGlobals) = postSolution
		SolutionGuid = {748C0D34-F7B2-4F06-A7F0-874959045F98}
	EndGlobalSection
EndGlobal
